<Solution>
  <Project Path="Tyuiu.SychevaNU.Sprint1.Task0.V0.Lib/Tyuiu.SychevaNU.Sprint1.Task0.V0.Lib.csproj" />
  <Project Path="Tyuiu.SychevaNU.Sprint1.Task0.V0.Test/Tyuiu.SychevaNU.Sprint1.Task0.V0.Test.csproj" />
  <Project Path="Tyuiu.SychevaNU.Sprint1.Task0.V0/Tyuiu.SychevaNU.Sprint1.Task0.V0.csproj" />
</Solution>
